
Microsoft Visual Studio Solution File, Format Version 12.00
# Visual Studio Version 16
VisualStudioVersion = 16.0.30523.141
MinimumVisualStudioVersion = 10.0.40219.1
Project("{9A19103F-16F7-4668-BE54-9A1E7A4F7556}") = "PriceCalculator.Web", "PriceCalculator\PriceCalculator.Web.csproj", "{ED483072-449C-4E14-A863-F05DC5B391AB}"
EndProject
Project("{9A19103F-16F7-4668-BE54-9A1E7A4F7556}") = "PriceCalculator.Services", "PriceCalculator.Services\PriceCalculator.Services.csproj", "{1AFBE0C3-85EF-4C88-8C0C-F8B2A849006A}"
EndProject
Project("{9A19103F-16F7-4668-BE54-9A1E7A4F7556}") = "PriceCalculator.Services.Tests", "PriceCalculator.Services.Tests\PriceCalculator.Services.Tests.csproj", "{BE72D77B-2A9D-428B-87BB-554A1699B946}"
EndProject
Project("{2150E333-8FDC-42A3-9474-1A3956D46DE8}") = "Solution Items", "Solution Items", "{D55A57A1-0F30-401B-8F89-1B3AC9FC9AEA}"
	ProjectSection(SolutionItems) = preProject
		README.md = README.md
	EndProjectSection
EndProject
Global
	GlobalSection(SolutionConfigurationPlatforms) = preSolution
		Debug|Any CPU = Debug|Any CPU
		Release|Any CPU = Release|Any CPU
	EndGlobalSection
	GlobalSection(ProjectConfigurationPlatforms) = postSolution
		{ED483072-449C-4E14-A863-F05DC5B391AB}.Debug|Any CPU.ActiveCfg = Debug|Any CPU
		{ED483072-449C-4E14-A863-F05DC5B391AB}.Debug|Any CPU.Build.0 = Debug|Any CPU
		{ED483072-449C-4E14-A863-F05DC5B391AB}.Release|Any CPU.ActiveCfg = Release|Any CPU
		{ED483072-449C-4E14-A863-F05DC5B391AB}.Release|Any CPU.Build.0 = Release|Any CPU
		{1AFBE0C3-85EF-4C88-8C0C-F8B2A849006A}.Debug|Any CPU.ActiveCfg = Debug|Any CPU
		{1AFBE0C3-85EF-4C88-8C0C-F8B2A849006A}.Debug|Any CPU.Build.0 = Debug|Any CPU
		{1AFBE0C3-85EF-4C88-8C0C-F8B2A849006A}.Release|Any CPU.ActiveCfg = Release|Any CPU
		{1AFBE0C3-85EF-4C88-8C0C-F8B2A849006A}.Release|Any CPU.Build.0 = Release|Any CPU
		{BE72D77B-2A9D-428B-87BB-554A1699B946}.Debug|Any CPU.ActiveCfg = Debug|Any CPU
		{BE72D77B-2A9D-428B-87BB-554A1699B946}.Debug|Any CPU.Build.0 = Debug|Any CPU
		{BE72D77B-2A9D-428B-87BB-554A1699B946}.Release|Any CPU.ActiveCfg = Release|Any CPU
		{BE72D77B-2A9D-428B-87BB-554A1699B946}.Release|Any CPU.Build.0 = Release|Any CPU
	EndGlobalSection
	GlobalSection(SolutionProperties) = preSolution
		HideSolutionNode = FALSE
	EndGlobalSection
	GlobalSection(ExtensibilityGlobals) = postSolution
		SolutionGuid = {5896FBF1-5E2C-4FBB-BD9F-F5A5D3DA565F}
	EndGlobalSection
EndGlobal
